// !$*UTF8*$!
{
	archiveVersion = 1;
	classes = {
	};
	objectVersion = 56;
	objects = {

/* Begin PBXBuildFile section */
		1FB6806E2BA82069003C67AF /* HouseholdViewModelTests.swift in Sources */ = {isa = PBXBuildFile; fileRef = 1FB6806B2BA81F6C003C67AF /* HouseholdViewModelTests.swift */; };
		1FF597E32BA2110F007065DE /* Household.swift in Sources */ = {isa = PBXBuildFile; fileRef = 1FF597E22BA2110F007065DE /* Household.swift */; };
		1FF597E52BA21282007065DE /* HouseholdConfiguration.swift in Sources */ = {isa = PBXBuildFile; fileRef = 1FF597E42BA21282007065DE /* HouseholdConfiguration.swift */; };
		1FF597E82BA212DE007065DE /* SunlightLevel.swift in Sources */ = {isa = PBXBuildFile; fileRef = 1FF597E72BA212DE007065DE /* SunlightLevel.swift */; };
		1FF597EF2BA216D5007065DE /* HouseholdViewModel.swift in Sources */ = {isa = PBXBuildFile; fileRef = 1FF597EE2BA216D5007065DE /* HouseholdViewModel.swift */; };
		1FF597F22BA25D0A007065DE /* PlantsView.swift in Sources */ = {isa = PBXBuildFile; fileRef = 1FF597F12BA25D0A007065DE /* PlantsView.swift */; };
		1FF597F92BA2F784007065DE /* PropertyError.swift in Sources */ = {isa = PBXBuildFile; fileRef = 1FF597F82BA2F784007065DE /* PropertyError.swift */; };
		1FF597FB2BA30FE7007065DE /* HouseholdEditSheetView.swift in Sources */ = {isa = PBXBuildFile; fileRef = 1FF597FA2BA30FE7007065DE /* HouseholdEditSheetView.swift */; };
		1FF597FD2BA31FE7007065DE /* HouseholdEditConfigurationView.swift in Sources */ = {isa = PBXBuildFile; fileRef = 1FF597FC2BA31FE7007065DE /* HouseholdEditConfigurationView.swift */; };
		A97907472B9E3D8C0084C2D4 /* CareScheduleView.swift in Sources */ = {isa = PBXBuildFile; fileRef = A97907462B9E3D8C0084C2D4 /* CareScheduleView.swift */; };
		A97907492B9E3DBB0084C2D4 /* HouseholdView.swift in Sources */ = {isa = PBXBuildFile; fileRef = A97907482B9E3DBB0084C2D4 /* HouseholdView.swift */; };
		A979074B2B9E3DEF0084C2D4 /* SettingsView.swift in Sources */ = {isa = PBXBuildFile; fileRef = A979074A2B9E3DEF0084C2D4 /* SettingsView.swift */; };
		A9F39A072B8CB00900432EE1 /* BloomBuddyMobileApp.swift in Sources */ = {isa = PBXBuildFile; fileRef = A9F39A062B8CB00900432EE1 /* BloomBuddyMobileApp.swift */; };
		A9F39A092B8CB00900432EE1 /* ContentView.swift in Sources */ = {isa = PBXBuildFile; fileRef = A9F39A082B8CB00900432EE1 /* ContentView.swift */; };
		A9F39A0D2B8CB00B00432EE1 /* Assets.xcassets in Resources */ = {isa = PBXBuildFile; fileRef = A9F39A0C2B8CB00B00432EE1 /* Assets.xcassets */; };
		A9F39A112B8CB00B00432EE1 /* Preview Assets.xcassets in Resources */ = {isa = PBXBuildFile; fileRef = A9F39A102B8CB00B00432EE1 /* Preview Assets.xcassets */; };
		A9F39A1B2B8CB00B00432EE1 /* BloomBuddyMobileTests.swift in Sources */ = {isa = PBXBuildFile; fileRef = A9F39A1A2B8CB00B00432EE1 /* BloomBuddyMobileTests.swift */; };
		A9F39A252B8CB00B00432EE1 /* BloomBuddyMobileUITests.swift in Sources */ = {isa = PBXBuildFile; fileRef = A9F39A242B8CB00B00432EE1 /* BloomBuddyMobileUITests.swift */; };
		A9F39A272B8CB00B00432EE1 /* BloomBuddyMobileUITestsLaunchTests.swift in Sources */ = {isa = PBXBuildFile; fileRef = A9F39A262B8CB00B00432EE1 /* BloomBuddyMobileUITestsLaunchTests.swift */; };
/* End PBXBuildFile section */

/* Begin PBXContainerItemProxy section */
		A9F39A172B8CB00B00432EE1 /* PBXContainerItemProxy */ = {
			isa = PBXContainerItemProxy;
			containerPortal = A9F399FB2B8CB00900432EE1 /* Project object */;
			proxyType = 1;
			remoteGlobalIDString = A9F39A022B8CB00900432EE1;
			remoteInfo = BloomBuddyMobile;
		};
		A9F39A212B8CB00B00432EE1 /* PBXContainerItemProxy */ = {
			isa = PBXContainerItemProxy;
			containerPortal = A9F399FB2B8CB00900432EE1 /* Project object */;
			proxyType = 1;
			remoteGlobalIDString = A9F39A022B8CB00900432EE1;
			remoteInfo = BloomBuddyMobile;
		};
/* End PBXContainerItemProxy section */

/* Begin PBXFileReference section */
		1FB6806B2BA81F6C003C67AF /* HouseholdViewModelTests.swift */ = {isa = PBXFileReference; lastKnownFileType = sourcecode.swift; path = HouseholdViewModelTests.swift; sourceTree = "<group>"; };
		1FF597E22BA2110F007065DE /* Household.swift */ = {isa = PBXFileReference; lastKnownFileType = sourcecode.swift; path = Household.swift; sourceTree = "<group>"; };
		1FF597E42BA21282007065DE /* HouseholdConfiguration.swift */ = {isa = PBXFileReference; lastKnownFileType = sourcecode.swift; path = HouseholdConfiguration.swift; sourceTree = "<group>"; };
		1FF597E72BA212DE007065DE /* SunlightLevel.swift */ = {isa = PBXFileReference; lastKnownFileType = sourcecode.swift; path = SunlightLevel.swift; sourceTree = "<group>"; };
		1FF597EE2BA216D5007065DE /* HouseholdViewModel.swift */ = {isa = PBXFileReference; lastKnownFileType = sourcecode.swift; path = HouseholdViewModel.swift; sourceTree = "<group>"; };
		1FF597F12BA25D0A007065DE /* PlantsView.swift */ = {isa = PBXFileReference; lastKnownFileType = sourcecode.swift; path = PlantsView.swift; sourceTree = "<group>"; };
		1FF597F82BA2F784007065DE /* PropertyError.swift */ = {isa = PBXFileReference; lastKnownFileType = sourcecode.swift; path = PropertyError.swift; sourceTree = "<group>"; };
		1FF597FA2BA30FE7007065DE /* HouseholdEditSheetView.swift */ = {isa = PBXFileReference; lastKnownFileType = sourcecode.swift; path = HouseholdEditSheetView.swift; sourceTree = "<group>"; };
		1FF597FC2BA31FE7007065DE /* HouseholdEditConfigurationView.swift */ = {isa = PBXFileReference; lastKnownFileType = sourcecode.swift; path = HouseholdEditConfigurationView.swift; sourceTree = "<group>"; };
		A97907462B9E3D8C0084C2D4 /* CareScheduleView.swift */ = {isa = PBXFileReference; lastKnownFileType = sourcecode.swift; path = CareScheduleView.swift; sourceTree = "<group>"; };
		A97907482B9E3DBB0084C2D4 /* HouseholdView.swift */ = {isa = PBXFileReference; lastKnownFileType = sourcecode.swift; path = HouseholdView.swift; sourceTree = "<group>"; };
		A979074A2B9E3DEF0084C2D4 /* SettingsView.swift */ = {isa = PBXFileReference; lastKnownFileType = sourcecode.swift; path = SettingsView.swift; sourceTree = "<group>"; };
		A9F39A032B8CB00900432EE1 /* BloomBuddyMobile.app */ = {isa = PBXFileReference; explicitFileType = wrapper.application; includeInIndex = 0; path = BloomBuddyMobile.app; sourceTree = BUILT_PRODUCTS_DIR; };
		A9F39A062B8CB00900432EE1 /* BloomBuddyMobileApp.swift */ = {isa = PBXFileReference; lastKnownFileType = sourcecode.swift; path = BloomBuddyMobileApp.swift; sourceTree = "<group>"; };
		A9F39A082B8CB00900432EE1 /* ContentView.swift */ = {isa = PBXFileReference; lastKnownFileType = sourcecode.swift; path = ContentView.swift; sourceTree = "<group>"; };
		A9F39A0C2B8CB00B00432EE1 /* Assets.xcassets */ = {isa = PBXFileReference; lastKnownFileType = folder.assetcatalog; path = Assets.xcassets; sourceTree = "<group>"; };
		A9F39A0E2B8CB00B00432EE1 /* BloomBuddyMobile.entitlements */ = {isa = PBXFileReference; lastKnownFileType = text.plist.entitlements; path = BloomBuddyMobile.entitlements; sourceTree = "<group>"; };
		A9F39A102B8CB00B00432EE1 /* Preview Assets.xcassets */ = {isa = PBXFileReference; lastKnownFileType = folder.assetcatalog; path = "Preview Assets.xcassets"; sourceTree = "<group>"; };
		A9F39A162B8CB00B00432EE1 /* BloomBuddyMobileTests.xctest */ = {isa = PBXFileReference; explicitFileType = wrapper.cfbundle; includeInIndex = 0; path = BloomBuddyMobileTests.xctest; sourceTree = BUILT_PRODUCTS_DIR; };
		A9F39A1A2B8CB00B00432EE1 /* BloomBuddyMobileTests.swift */ = {isa = PBXFileReference; lastKnownFileType = sourcecode.swift; path = BloomBuddyMobileTests.swift; sourceTree = "<group>"; };
		A9F39A202B8CB00B00432EE1 /* BloomBuddyMobileUITests.xctest */ = {isa = PBXFileReference; explicitFileType = wrapper.cfbundle; includeInIndex = 0; path = BloomBuddyMobileUITests.xctest; sourceTree = BUILT_PRODUCTS_DIR; };
		A9F39A242B8CB00B00432EE1 /* BloomBuddyMobileUITests.swift */ = {isa = PBXFileReference; lastKnownFileType = sourcecode.swift; path = BloomBuddyMobileUITests.swift; sourceTree = "<group>"; };
		A9F39A262B8CB00B00432EE1 /* BloomBuddyMobileUITestsLaunchTests.swift */ = {isa = PBXFileReference; lastKnownFileType = sourcecode.swift; path = BloomBuddyMobileUITestsLaunchTests.swift; sourceTree = "<group>"; };
/* End PBXFileReference section */

/* Begin PBXFrameworksBuildPhase section */
		A9F39A002B8CB00900432EE1 /* Frameworks */ = {
			isa = PBXFrameworksBuildPhase;
			buildActionMask = 2147483647;
			files = (
			);
			runOnlyForDeploymentPostprocessing = 0;
		};
		A9F39A132B8CB00B00432EE1 /* Frameworks */ = {
			isa = PBXFrameworksBuildPhase;
			buildActionMask = 2147483647;
			files = (
			);
			runOnlyForDeploymentPostprocessing = 0;
		};
		A9F39A1D2B8CB00B00432EE1 /* Frameworks */ = {
			isa = PBXFrameworksBuildPhase;
			buildActionMask = 2147483647;
			files = (
			);
			runOnlyForDeploymentPostprocessing = 0;
		};
/* End PBXFrameworksBuildPhase section */

/* Begin PBXGroup section */
		1FF597E12BA21102007065DE /* Model */ = {
			isa = PBXGroup;
			children = (
				1FF597E62BA212A6007065DE /* Household */,
			);
			path = Model;
			sourceTree = "<group>";
		};
		1FF597E62BA212A6007065DE /* Household */ = {
			isa = PBXGroup;
			children = (
				1FF597E22BA2110F007065DE /* Household.swift */,
				1FF597E42BA21282007065DE /* HouseholdConfiguration.swift */,
				1FF597E72BA212DE007065DE /* SunlightLevel.swift */,
			);
			path = Household;
			sourceTree = "<group>";
		};
		1FF597ED2BA216C6007065DE /* ViewModel */ = {
			isa = PBXGroup;
			children = (
				1FF597EE2BA216D5007065DE /* HouseholdViewModel.swift */,
			);
			path = ViewModel;
			sourceTree = "<group>";
		};
		1FF597F02BA25CE8007065DE /* Household */ = {
			isa = PBXGroup;
			children = (
				A97907482B9E3DBB0084C2D4 /* HouseholdView.swift */,
				1FF597F12BA25D0A007065DE /* PlantsView.swift */,
				1FF597FA2BA30FE7007065DE /* HouseholdEditSheetView.swift */,
				1FF597FC2BA31FE7007065DE /* HouseholdEditConfigurationView.swift */,
			);
			path = Household;
			sourceTree = "<group>";
		};
		1FF597F72BA2F74B007065DE /* Errors */ = {
			isa = PBXGroup;
			children = (
				1FF597F82BA2F784007065DE /* PropertyError.swift */,
			);
			path = Errors;
			sourceTree = "<group>";
		};
		A97907442B9E3CA10084C2D4 /* View */ = {
			isa = PBXGroup;
			children = (
				1FF597F02BA25CE8007065DE /* Household */,
				A97907462B9E3D8C0084C2D4 /* CareScheduleView.swift */,
				A9F39A082B8CB00900432EE1 /* ContentView.swift */,
				A979074A2B9E3DEF0084C2D4 /* SettingsView.swift */,
			);
			path = View;
			sourceTree = "<group>";
		};
		A9F399FA2B8CB00900432EE1 = {
			isa = PBXGroup;
			children = (
				A9F39A052B8CB00900432EE1 /* BloomBuddyMobile */,
				A9F39A192B8CB00B00432EE1 /* BloomBuddyMobileTests */,
				A9F39A232B8CB00B00432EE1 /* BloomBuddyMobileUITests */,
				A9F39A042B8CB00900432EE1 /* Products */,
			);
			sourceTree = "<group>";
		};
		A9F39A042B8CB00900432EE1 /* Products */ = {
			isa = PBXGroup;
			children = (
				A9F39A032B8CB00900432EE1 /* BloomBuddyMobile.app */,
				A9F39A162B8CB00B00432EE1 /* BloomBuddyMobileTests.xctest */,
				A9F39A202B8CB00B00432EE1 /* BloomBuddyMobileUITests.xctest */,
			);
			name = Products;
			sourceTree = "<group>";
		};
		A9F39A052B8CB00900432EE1 /* BloomBuddyMobile */ = {
			isa = PBXGroup;
			children = (
				1FF597F72BA2F74B007065DE /* Errors */,
				1FF597ED2BA216C6007065DE /* ViewModel */,
				1FF597E12BA21102007065DE /* Model */,
				A97907442B9E3CA10084C2D4 /* View */,
				A9F39A062B8CB00900432EE1 /* BloomBuddyMobileApp.swift */,
				A9F39A0C2B8CB00B00432EE1 /* Assets.xcassets */,
				A9F39A0E2B8CB00B00432EE1 /* BloomBuddyMobile.entitlements */,
				A9F39A0F2B8CB00B00432EE1 /* Preview Content */,
			);
			path = BloomBuddyMobile;
			sourceTree = "<group>";
		};
		A9F39A0F2B8CB00B00432EE1 /* Preview Content */ = {
			isa = PBXGroup;
			children = (
				A9F39A102B8CB00B00432EE1 /* Preview Assets.xcassets */,
			);
			path = "Preview Content";
			sourceTree = "<group>";
		};
		A9F39A192B8CB00B00432EE1 /* BloomBuddyMobileTests */ = {
			isa = PBXGroup;
			children = (
				A9F39A1A2B8CB00B00432EE1 /* BloomBuddyMobileTests.swift */,
				1FB6806B2BA81F6C003C67AF /* HouseholdViewModelTests.swift */,
			);
			path = BloomBuddyMobileTests;
			sourceTree = "<group>";
		};
		A9F39A232B8CB00B00432EE1 /* BloomBuddyMobileUITests */ = {
			isa = PBXGroup;
			children = (
				A9F39A242B8CB00B00432EE1 /* BloomBuddyMobileUITests.swift */,
				A9F39A262B8CB00B00432EE1 /* BloomBuddyMobileUITestsLaunchTests.swift */,
			);
			path = BloomBuddyMobileUITests;
			sourceTree = "<group>";
		};
/* End PBXGroup section */

/* Begin PBXNativeTarget section */
		A9F39A022B8CB00900432EE1 /* BloomBuddyMobile */ = {
			isa = PBXNativeTarget;
			buildConfigurationList = A9F39A2A2B8CB00B00432EE1 /* Build configuration list for PBXNativeTarget "BloomBuddyMobile" */;
			buildPhases = (
				A9F399FF2B8CB00900432EE1 /* Sources */,
				A9F39A002B8CB00900432EE1 /* Frameworks */,
				A9F39A012B8CB00900432EE1 /* Resources */,
			);
			buildRules = (
			);
			dependencies = (
			);
			name = BloomBuddyMobile;
			productName = BloomBuddyMobile;
			productReference = A9F39A032B8CB00900432EE1 /* BloomBuddyMobile.app */;
			productType = "com.apple.product-type.application";
		};
		A9F39A152B8CB00B00432EE1 /* BloomBuddyMobileTests */ = {
			isa = PBXNativeTarget;
			buildConfigurationList = A9F39A2D2B8CB00B00432EE1 /* Build configuration list for PBXNativeTarget "BloomBuddyMobileTests" */;
			buildPhases = (
				A9F39A122B8CB00B00432EE1 /* Sources */,
				A9F39A132B8CB00B00432EE1 /* Frameworks */,
				A9F39A142B8CB00B00432EE1 /* Resources */,
			);
			buildRules = (
			);
			dependencies = (
				A9F39A182B8CB00B00432EE1 /* PBXTargetDependency */,
			);
			name = BloomBuddyMobileTests;
			productName = BloomBuddyMobileTests;
			productReference = A9F39A162B8CB00B00432EE1 /* BloomBuddyMobileTests.xctest */;
			productType = "com.apple.product-type.bundle.unit-test";
		};
		A9F39A1F2B8CB00B00432EE1 /* BloomBuddyMobileUITests */ = {
			isa = PBXNativeTarget;
			buildConfigurationList = A9F39A302B8CB00B00432EE1 /* Build configuration list for PBXNativeTarget "BloomBuddyMobileUITests" */;
			buildPhases = (
				A9F39A1C2B8CB00B00432EE1 /* Sources */,
				A9F39A1D2B8CB00B00432EE1 /* Frameworks */,
				A9F39A1E2B8CB00B00432EE1 /* Resources */,
			);
			buildRules = (
			);
			dependencies = (
				A9F39A222B8CB00B00432EE1 /* PBXTargetDependency */,
			);
			name = BloomBuddyMobileUITests;
			productName = BloomBuddyMobileUITests;
			productReference = A9F39A202B8CB00B00432EE1 /* BloomBuddyMobileUITests.xctest */;
			productType = "com.apple.product-type.bundle.ui-testing";
		};
/* End PBXNativeTarget section */

/* Begin PBXProject section */
		A9F399FB2B8CB00900432EE1 /* Project object */ = {
			isa = PBXProject;
			attributes = {
				BuildIndependentTargetsInParallel = 1;
				LastSwiftUpdateCheck = 1520;
				LastUpgradeCheck = 1520;
				TargetAttributes = {
					A9F39A022B8CB00900432EE1 = {
						CreatedOnToolsVersion = 15.2;
					};
					A9F39A152B8CB00B00432EE1 = {
						CreatedOnToolsVersion = 15.2;
						TestTargetID = A9F39A022B8CB00900432EE1;
					};
					A9F39A1F2B8CB00B00432EE1 = {
						CreatedOnToolsVersion = 15.2;
						TestTargetID = A9F39A022B8CB00900432EE1;
					};
				};
			};
			buildConfigurationList = A9F399FE2B8CB00900432EE1 /* Build configuration list for PBXProject "BloomBuddyMobile" */;
			compatibilityVersion = "Xcode 14.0";
			developmentRegion = en;
			hasScannedForEncodings = 0;
			knownRegions = (
				en,
				Base,
			);
			mainGroup = A9F399FA2B8CB00900432EE1;
			productRefGroup = A9F39A042B8CB00900432EE1 /* Products */;
			projectDirPath = "";
			projectRoot = "";
			targets = (
				A9F39A022B8CB00900432EE1 /* BloomBuddyMobile */,
				A9F39A152B8CB00B00432EE1 /* BloomBuddyMobileTests */,
				A9F39A1F2B8CB00B00432EE1 /* BloomBuddyMobileUITests */,
			);
		};
/* End PBXProject section */

/* Begin PBXResourcesBuildPhase section */
		A9F39A012B8CB00900432EE1 /* Resources */ = {
			isa = PBXResourcesBuildPhase;
			buildActionMask = 2147483647;
			files = (
				A9F39A112B8CB00B00432EE1 /* Preview Assets.xcassets in Resources */,
				A9F39A0D2B8CB00B00432EE1 /* Assets.xcassets in Resources */,
			);
			runOnlyForDeploymentPostprocessing = 0;
		};
		A9F39A142B8CB00B00432EE1 /* Resources */ = {
			isa = PBXResourcesBuildPhase;
			buildActionMask = 2147483647;
			files = (
			);
			runOnlyForDeploymentPostprocessing = 0;
		};
		A9F39A1E2B8CB00B00432EE1 /* Resources */ = {
			isa = PBXResourcesBuildPhase;
			buildActionMask = 2147483647;
			files = (
			);
			runOnlyForDeploymentPostprocessing = 0;
		};
/* End PBXResourcesBuildPhase section */

/* Begin PBXSourcesBuildPhase section */
		A9F399FF2B8CB00900432EE1 /* Sources */ = {
			isa = PBXSourcesBuildPhase;
			buildActionMask = 2147483647;
			files = (
				1FF597E82BA212DE007065DE /* SunlightLevel.swift in Sources */,
				A97907472B9E3D8C0084C2D4 /* CareScheduleView.swift in Sources */,
				1FF597FB2BA30FE7007065DE /* HouseholdEditSheetView.swift in Sources */,
				1FF597EF2BA216D5007065DE /* HouseholdViewModel.swift in Sources */,
				A9F39A092B8CB00900432EE1 /* ContentView.swift in Sources */,
				1FF597E52BA21282007065DE /* HouseholdConfiguration.swift in Sources */,
				1FF597F92BA2F784007065DE /* PropertyError.swift in Sources */,
				A97907492B9E3DBB0084C2D4 /* HouseholdView.swift in Sources */,
				A979074B2B9E3DEF0084C2D4 /* SettingsView.swift in Sources */,
				1FF597F22BA25D0A007065DE /* PlantsView.swift in Sources */,
				1FF597E32BA2110F007065DE /* Household.swift in Sources */,
				1FF597FD2BA31FE7007065DE /* HouseholdEditConfigurationView.swift in Sources */,
				A9F39A072B8CB00900432EE1 /* BloomBuddyMobileApp.swift in Sources */,
			);
			runOnlyForDeploymentPostprocessing = 0;
		};
		A9F39A122B8CB00B00432EE1 /* Sources */ = {
			isa = PBXSourcesBuildPhase;
			buildActionMask = 2147483647;
			files = (
				1FB6806E2BA82069003C67AF /* HouseholdViewModelTests.swift in Sources */,
				A9F39A1B2B8CB00B00432EE1 /* BloomBuddyMobileTests.swift in Sources */,
			);
			runOnlyForDeploymentPostprocessing = 0;
		};
		A9F39A1C2B8CB00B00432EE1 /* Sources */ = {
			isa = PBXSourcesBuildPhase;
			buildActionMask = 2147483647;
			files = (
				A9F39A252B8CB00B00432EE1 /* BloomBuddyMobileUITests.swift in Sources */,
				A9F39A272B8CB00B00432EE1 /* BloomBuddyMobileUITestsLaunchTests.swift in Sources */,
			);
			runOnlyForDeploymentPostprocessing = 0;
		};
/* End PBXSourcesBuildPhase section */

/* Begin PBXTargetDependency section */
		A9F39A182B8CB00B00432EE1 /* PBXTargetDependency */ = {
			isa = PBXTargetDependency;
			target = A9F39A022B8CB00900432EE1 /* BloomBuddyMobile */;
			targetProxy = A9F39A172B8CB00B00432EE1 /* PBXContainerItemProxy */;
		};
		A9F39A222B8CB00B00432EE1 /* PBXTargetDependency */ = {
			isa = PBXTargetDependency;
			target = A9F39A022B8CB00900432EE1 /* BloomBuddyMobile */;
			targetProxy = A9F39A212B8CB00B00432EE1 /* PBXContainerItemProxy */;
		};
/* End PBXTargetDependency section */

/* Begin XCBuildConfiguration section */
		A9F39A282B8CB00B00432EE1 /* Debug */ = {
			isa = XCBuildConfiguration;
			buildSettings = {
				ALWAYS_SEARCH_USER_PATHS = NO;
				ASSETCATALOG_COMPILER_GENERATE_SWIFT_ASSET_SYMBOL_EXTENSIONS = YES;
				CLANG_ANALYZER_NONNULL = YES;
				CLANG_ANALYZER_NUMBER_OBJECT_CONVERSION = YES_AGGRESSIVE;
				CLANG_CXX_LANGUAGE_STANDARD = "gnu++20";
				CLANG_ENABLE_MODULES = YES;
				CLANG_ENABLE_OBJC_ARC = YES;
				CLANG_ENABLE_OBJC_WEAK = YES;
				CLANG_WARN_BLOCK_CAPTURE_AUTORELEASING = YES;
				CLANG_WARN_BOOL_CONVERSION = YES;
				CLANG_WARN_COMMA = YES;
				CLANG_WARN_CONSTANT_CONVERSION = YES;
				CLANG_WARN_DEPRECATED_OBJC_IMPLEMENTATIONS = YES;
				CLANG_WARN_DIRECT_OBJC_ISA_USAGE = YES_ERROR;
				CLANG_WARN_DOCUMENTATION_COMMENTS = YES;
				CLANG_WARN_EMPTY_BODY = YES;
				CLANG_WARN_ENUM_CONVERSION = YES;
				CLANG_WARN_INFINITE_RECURSION = YES;
				CLANG_WARN_INT_CONVERSION = YES;
				CLANG_WARN_NON_LITERAL_NULL_CONVERSION = YES;
				CLANG_WARN_OBJC_IMPLICIT_RETAIN_SELF = YES;
				CLANG_WARN_OBJC_LITERAL_CONVERSION = YES;
				CLANG_WARN_OBJC_ROOT_CLASS = YES_ERROR;
				CLANG_WARN_QUOTED_INCLUDE_IN_FRAMEWORK_HEADER = YES;
				CLANG_WARN_RANGE_LOOP_ANALYSIS = YES;
				CLANG_WARN_STRICT_PROTOTYPES = YES;
				CLANG_WARN_SUSPICIOUS_MOVE = YES;
				CLANG_WARN_UNGUARDED_AVAILABILITY = YES_AGGRESSIVE;
				CLANG_WARN_UNREACHABLE_CODE = YES;
				CLANG_WARN__DUPLICATE_METHOD_MATCH = YES;
				COPY_PHASE_STRIP = NO;
				DEBUG_INFORMATION_FORMAT = dwarf;
				ENABLE_STRICT_OBJC_MSGSEND = YES;
				ENABLE_TESTABILITY = YES;
				ENABLE_USER_SCRIPT_SANDBOXING = YES;
				GCC_C_LANGUAGE_STANDARD = gnu17;
				GCC_DYNAMIC_NO_PIC = NO;
				GCC_NO_COMMON_BLOCKS = YES;
				GCC_OPTIMIZATION_LEVEL = 0;
				GCC_PREPROCESSOR_DEFINITIONS = (
					"DEBUG=1",
					"$(inherited)",
				);
				GCC_WARN_64_TO_32_BIT_CONVERSION = YES;
				GCC_WARN_ABOUT_RETURN_TYPE = YES_ERROR;
				GCC_WARN_UNDECLARED_SELECTOR = YES;
				GCC_WARN_UNINITIALIZED_AUTOS = YES_AGGRESSIVE;
				GCC_WARN_UNUSED_FUNCTION = YES;
				GCC_WARN_UNUSED_VARIABLE = YES;
				LOCALIZATION_PREFERS_STRING_CATALOGS = YES;
				MTL_ENABLE_DEBUG_INFO = INCLUDE_SOURCE;
				MTL_FAST_MATH = YES;
				ONLY_ACTIVE_ARCH = YES;
				SWIFT_ACTIVE_COMPILATION_CONDITIONS = "DEBUG $(inherited)";
				SWIFT_OPTIMIZATION_LEVEL = "-Onone";
			};
			name = Debug;
		};
		A9F39A292B8CB00B00432EE1 /* Release */ = {
			isa = XCBuildConfiguration;
			buildSettings = {
				ALWAYS_SEARCH_USER_PATHS = NO;
				ASSETCATALOG_COMPILER_GENERATE_SWIFT_ASSET_SYMBOL_EXTENSIONS = YES;
				CLANG_ANALYZER_NONNULL = YES;
				CLANG_ANALYZER_NUMBER_OBJECT_CONVERSION = YES_AGGRESSIVE;
				CLANG_CXX_LANGUAGE_STANDARD = "gnu++20";
				CLANG_ENABLE_MODULES = YES;
				CLANG_ENABLE_OBJC_ARC = YES;
				CLANG_ENABLE_OBJC_WEAK = YES;
				CLANG_WARN_BLOCK_CAPTURE_AUTORELEASING = YES;
				CLANG_WARN_BOOL_CONVERSION = YES;
				CLANG_WARN_COMMA = YES;
				CLANG_WARN_CONSTANT_CONVERSION = YES;
				CLANG_WARN_DEPRECATED_OBJC_IMPLEMENTATIONS = YES;
				CLANG_WARN_DIRECT_OBJC_ISA_USAGE = YES_ERROR;
				CLANG_WARN_DOCUMENTATION_COMMENTS = YES;
				CLANG_WARN_EMPTY_BODY = YES;
				CLANG_WARN_ENUM_CONVERSION = YES;
				CLANG_WARN_INFINITE_RECURSION = YES;
				CLANG_WARN_INT_CONVERSION = YES;
				CLANG_WARN_NON_LITERAL_NULL_CONVERSION = YES;
				CLANG_WARN_OBJC_IMPLICIT_RETAIN_SELF = YES;
				CLANG_WARN_OBJC_LITERAL_CONVERSION = YES;
				CLANG_WARN_OBJC_ROOT_CLASS = YES_ERROR;
				CLANG_WARN_QUOTED_INCLUDE_IN_FRAMEWORK_HEADER = YES;
				CLANG_WARN_RANGE_LOOP_ANALYSIS = YES;
				CLANG_WARN_STRICT_PROTOTYPES = YES;
				CLANG_WARN_SUSPICIOUS_MOVE = YES;
				CLANG_WARN_UNGUARDED_AVAILABILITY = YES_AGGRESSIVE;
				CLANG_WARN_UNREACHABLE_CODE = YES;
				CLANG_WARN__DUPLICATE_METHOD_MATCH = YES;
				COPY_PHASE_STRIP = NO;
				DEBUG_INFORMATION_FORMAT = "dwarf-with-dsym";
				ENABLE_NS_ASSERTIONS = NO;
				ENABLE_STRICT_OBJC_MSGSEND = YES;
				ENABLE_USER_SCRIPT_SANDBOXING = YES;
				GCC_C_LANGUAGE_STANDARD = gnu17;
				GCC_NO_COMMON_BLOCKS = YES;
				GCC_WARN_64_TO_32_BIT_CONVERSION = YES;
				GCC_WARN_ABOUT_RETURN_TYPE = YES_ERROR;
				GCC_WARN_UNDECLARED_SELECTOR = YES;
				GCC_WARN_UNINITIALIZED_AUTOS = YES_AGGRESSIVE;
				GCC_WARN_UNUSED_FUNCTION = YES;
				GCC_WARN_UNUSED_VARIABLE = YES;
				LOCALIZATION_PREFERS_STRING_CATALOGS = YES;
				MTL_ENABLE_DEBUG_INFO = NO;
				MTL_FAST_MATH = YES;
				SWIFT_COMPILATION_MODE = wholemodule;
			};
			name = Release;
		};
		A9F39A2B2B8CB00B00432EE1 /* Debug */ = {
			isa = XCBuildConfiguration;
			buildSettings = {
				ASSETCATALOG_COMPILER_APPICON_NAME = AppIcon;
				ASSETCATALOG_COMPILER_GLOBAL_ACCENT_COLOR_NAME = AccentColor;
				CODE_SIGN_ENTITLEMENTS = BloomBuddyMobile/BloomBuddyMobile.entitlements;
				CODE_SIGN_STYLE = Automatic;
				CURRENT_PROJECT_VERSION = 1;
				DEVELOPMENT_ASSET_PATHS = "\"BloomBuddyMobile/Preview Content\"";
				DEVELOPMENT_TEAM = K3K4F337YV;
				ENABLE_HARDENED_RUNTIME = YES;
				ENABLE_PREVIEWS = YES;
				GENERATE_INFOPLIST_FILE = YES;
				"INFOPLIST_KEY_UIApplicationSceneManifest_Generation[sdk=iphoneos*]" = YES;
				"INFOPLIST_KEY_UIApplicationSceneManifest_Generation[sdk=iphonesimulator*]" = YES;
				"INFOPLIST_KEY_UIApplicationSupportsIndirectInputEvents[sdk=iphoneos*]" = YES;
				"INFOPLIST_KEY_UIApplicationSupportsIndirectInputEvents[sdk=iphonesimulator*]" = YES;
				"INFOPLIST_KEY_UILaunchScreen_Generation[sdk=iphoneos*]" = YES;
				"INFOPLIST_KEY_UILaunchScreen_Generation[sdk=iphonesimulator*]" = YES;
				"INFOPLIST_KEY_UIStatusBarStyle[sdk=iphoneos*]" = UIStatusBarStyleDefault;
				"INFOPLIST_KEY_UIStatusBarStyle[sdk=iphonesimulator*]" = UIStatusBarStyleDefault;
				INFOPLIST_KEY_UISupportedInterfaceOrientations_iPad = "UIInterfaceOrientationPortrait UIInterfaceOrientationPortraitUpsideDown UIInterfaceOrientationLandscapeLeft UIInterfaceOrientationLandscapeRight";
				INFOPLIST_KEY_UISupportedInterfaceOrientations_iPhone = "UIInterfaceOrientationPortrait UIInterfaceOrientationLandscapeLeft UIInterfaceOrientationLandscapeRight";
				IPHONEOS_DEPLOYMENT_TARGET = 17.2;
				LD_RUNPATH_SEARCH_PATHS = "@executable_path/Frameworks";
				"LD_RUNPATH_SEARCH_PATHS[sdk=macosx*]" = "@executable_path/../Frameworks";
				MACOSX_DEPLOYMENT_TARGET = 14.0;
				MARKETING_VERSION = 1.0;
				PRODUCT_BUNDLE_IDENTIFIER = com.ivansdivans.BloomBuddyMobile;
				PRODUCT_NAME = "$(TARGET_NAME)";
				SDKROOT = auto;
				SUPPORTED_PLATFORMS = "iphoneos iphonesimulator macosx";
				SWIFT_EMIT_LOC_STRINGS = YES;
				SWIFT_VERSION = 5.0;
				TARGETED_DEVICE_FAMILY = "1,2";
			};
			name = Debug;
		};
		A9F39A2C2B8CB00B00432EE1 /* Release */ = {
			isa = XCBuildConfiguration;
			buildSettings = {
				ASSETCATALOG_COMPILER_APPICON_NAME = AppIcon;
				ASSETCATALOG_COMPILER_GLOBAL_ACCENT_COLOR_NAME = AccentColor;
				CODE_SIGN_ENTITLEMENTS = BloomBuddyMobile/BloomBuddyMobile.entitlements;
				CODE_SIGN_STYLE = Automatic;
				CURRENT_PROJECT_VERSION = 1;
				DEVELOPMENT_ASSET_PATHS = "\"BloomBuddyMobile/Preview Content\"";
				DEVELOPMENT_TEAM = K3K4F337YV;
				ENABLE_HARDENED_RUNTIME = YES;
				ENABLE_PREVIEWS = YES;
				GENERATE_INFOPLIST_FILE = YES;
				"INFOPLIST_KEY_UIApplicationSceneManifest_Generation[sdk=iphoneos*]" = YES;
				"INFOPLIST_KEY_UIApplicationSceneManifest_Generation[sdk=iphonesimulator*]" = YES;
				"INFOPLIST_KEY_UIApplicationSupportsIndirectInputEvents[sdk=iphoneos*]" = YES;
				"INFOPLIST_KEY_UIApplicationSupportsIndirectInputEvents[sdk=iphonesimulator*]" = YES;
				"INFOPLIST_KEY_UILaunchScreen_Generation[sdk=iphoneos*]" = YES;
				"INFOPLIST_KEY_UILaunchScreen_Generation[sdk=iphonesimulator*]" = YES;
				"INFOPLIST_KEY_UIStatusBarStyle[sdk=iphoneos*]" = UIStatusBarStyleDefault;
				"INFOPLIST_KEY_UIStatusBarStyle[sdk=iphonesimulator*]" = UIStatusBarStyleDefault;
				INFOPLIST_KEY_UISupportedInterfaceOrientations_iPad = "UIInterfaceOrientationPortrait UIInterfaceOrientationPortraitUpsideDown UIInterfaceOrientationLandscapeLeft UIInterfaceOrientationLandscapeRight";
				INFOPLIST_KEY_UISupportedInterfaceOrientations_iPhone = "UIInterfaceOrientationPortrait UIInterfaceOrientationLandscapeLeft UIInterfaceOrientationLandscapeRight";
				IPHONEOS_DEPLOYMENT_TARGET = 17.2;
				LD_RUNPATH_SEARCH_PATHS = "@executable_path/Frameworks";
				"LD_RUNPATH_SEARCH_PATHS[sdk=macosx*]" = "@executable_path/../Frameworks";
				MACOSX_DEPLOYMENT_TARGET = 14.0;
				MARKETING_VERSION = 1.0;
				PRODUCT_BUNDLE_IDENTIFIER = com.ivansdivans.BloomBuddyMobile;
				PRODUCT_NAME = "$(TARGET_NAME)";
				SDKROOT = auto;
				SUPPORTED_PLATFORMS = "iphoneos iphonesimulator macosx";
				SWIFT_EMIT_LOC_STRINGS = YES;
				SWIFT_VERSION = 5.0;
				TARGETED_DEVICE_FAMILY = "1,2";
			};
			name = Release;
		};
		A9F39A2E2B8CB00B00432EE1 /* Debug */ = {
			isa = XCBuildConfiguration;
			buildSettings = {
				ALWAYS_EMBED_SWIFT_STANDARD_LIBRARIES = YES;
				BUNDLE_LOADER = "$(TEST_HOST)";
				CODE_SIGN_STYLE = Automatic;
				CURRENT_PROJECT_VERSION = 1;
				DEVELOPMENT_TEAM = K3K4F337YV;
				GENERATE_INFOPLIST_FILE = YES;
				IPHONEOS_DEPLOYMENT_TARGET = 17.2;
				MACOSX_DEPLOYMENT_TARGET = 14.2;
				MARKETING_VERSION = 1.0;
				PRODUCT_BUNDLE_IDENTIFIER = com.ivansdivans.BloomBuddyMobileTests;
				PRODUCT_NAME = "$(TARGET_NAME)";
				SDKROOT = auto;
				SUPPORTED_PLATFORMS = "iphoneos iphonesimulator macosx";
				SWIFT_EMIT_LOC_STRINGS = NO;
				SWIFT_VERSION = 5.0;
				TARGETED_DEVICE_FAMILY = "1,2";
				TEST_HOST = "$(BUILT_PRODUCTS_DIR)/BloomBuddyMobile.app/$(BUNDLE_EXECUTABLE_FOLDER_PATH)/BloomBuddyMobile";
			};
			name = Debug;
		};
		A9F39A2F2B8CB00B00432EE1 /* Release */ = {
			isa = XCBuildConfiguration;
			buildSettings = {
				ALWAYS_EMBED_SWIFT_STANDARD_LIBRARIES = YES;
				BUNDLE_LOADER = "$(TEST_HOST)";
				CODE_SIGN_STYLE = Automatic;
				CURRENT_PROJECT_VERSION = 1;
				DEVELOPMENT_TEAM = K3K4F337YV;
				GENERATE_INFOPLIST_FILE = YES;
				IPHONEOS_DEPLOYMENT_TARGET = 17.2;
				MACOSX_DEPLOYMENT_TARGET = 14.2;
				MARKETING_VERSION = 1.0;
				PRODUCT_BUNDLE_IDENTIFIER = com.ivansdivans.BloomBuddyMobileTests;
				PRODUCT_NAME = "$(TARGET_NAME)";
				SDKROOT = auto;
				SUPPORTED_PLATFORMS = "iphoneos iphonesimulator macosx";
				SWIFT_EMIT_LOC_STRINGS = NO;
				SWIFT_VERSION = 5.0;
				TARGETED_DEVICE_FAMILY = "1,2";
				TEST_HOST = "$(BUILT_PRODUCTS_DIR)/BloomBuddyMobile.app/$(BUNDLE_EXECUTABLE_FOLDER_PATH)/BloomBuddyMobile";
			};
			name = Release;
		};
		A9F39A312B8CB00B00432EE1 /* Debug */ = {
			isa = XCBuildConfiguration;
			buildSettings = {
				ALWAYS_EMBED_SWIFT_STANDARD_LIBRARIES = YES;
				CODE_SIGN_STYLE = Automatic;
				CURRENT_PROJECT_VERSION = 1;
				DEVELOPMENT_TEAM = K3K4F337YV;
				GENERATE_INFOPLIST_FILE = YES;
				IPHONEOS_DEPLOYMENT_TARGET = 17.2;
				MACOSX_DEPLOYMENT_TARGET = 14.2;
				MARKETING_VERSION = 1.0;
				PRODUCT_BUNDLE_IDENTIFIER = com.ivansdivans.BloomBuddyMobileUITests;
				PRODUCT_NAME = "$(TARGET_NAME)";
				SDKROOT = auto;
				SUPPORTED_PLATFORMS = "iphoneos iphonesimulator macosx";
				SWIFT_EMIT_LOC_STRINGS = NO;
				SWIFT_VERSION = 5.0;
				TARGETED_DEVICE_FAMILY = "1,2";
				TEST_TARGET_NAME = BloomBuddyMobile;
			};
			name = Debug;
		};
		A9F39A322B8CB00B00432EE1 /* Release */ = {
			isa = XCBuildConfiguration;
			buildSettings = {
				ALWAYS_EMBED_SWIFT_STANDARD_LIBRARIES = YES;
				CODE_SIGN_STYLE = Automatic;
				CURRENT_PROJECT_VERSION = 1;
				DEVELOPMENT_TEAM = K3K4F337YV;
				GENERATE_INFOPLIST_FILE = YES;
				IPHONEOS_DEPLOYMENT_TARGET = 17.2;
				MACOSX_DEPLOYMENT_TARGET = 14.2;
				MARKETING_VERSION = 1.0;
				PRODUCT_BUNDLE_IDENTIFIER = com.ivansdivans.BloomBuddyMobileUITests;
				PRODUCT_NAME = "$(TARGET_NAME)";
				SDKROOT = auto;
				SUPPORTED_PLATFORMS = "iphoneos iphonesimulator macosx";
				SWIFT_EMIT_LOC_STRINGS = NO;
				SWIFT_VERSION = 5.0;
				TARGETED_DEVICE_FAMILY = "1,2";
				TEST_TARGET_NAME = BloomBuddyMobile;
			};
			name = Release;
		};
/* End XCBuildConfiguration section */

/* Begin XCConfigurationList section */
		A9F399FE2B8CB00900432EE1 /* Build configuration list for PBXProject "BloomBuddyMobile" */ = {
			isa = XCConfigurationList;
			buildConfigurations = (
				A9F39A282B8CB00B00432EE1 /* Debug */,
				A9F39A292B8CB00B00432EE1 /* Release */,
			);
			defaultConfigurationIsVisible = 0;
			defaultConfigurationName = Release;
		};
		A9F39A2A2B8CB00B00432EE1 /* Build configuration list for PBXNativeTarget "BloomBuddyMobile" */ = {
			isa = XCConfigurationList;
			buildConfigurations = (
				A9F39A2B2B8CB00B00432EE1 /* Debug */,
				A9F39A2C2B8CB00B00432EE1 /* Release */,
			);
			defaultConfigurationIsVisible = 0;
			defaultConfigurationName = Release;
		};
		A9F39A2D2B8CB00B00432EE1 /* Build configuration list for PBXNativeTarget "BloomBuddyMobileTests" */ = {
			isa = XCConfigurationList;
			buildConfigurations = (
				A9F39A2E2B8CB00B00432EE1 /* Debug */,
				A9F39A2F2B8CB00B00432EE1 /* Release */,
			);
			defaultConfigurationIsVisible = 0;
			defaultConfigurationName = Release;
		};
		A9F39A302B8CB00B00432EE1 /* Build configuration list for PBXNativeTarget "BloomBuddyMobileUITests" */ = {
			isa = XCConfigurationList;
			buildConfigurations = (
				A9F39A312B8CB00B00432EE1 /* Debug */,
				A9F39A322B8CB00B00432EE1 /* Release */,
			);
			defaultConfigurationIsVisible = 0;
			defaultConfigurationName = Release;
		};
/* End XCConfigurationList section */
	};
	rootObject = A9F399FB2B8CB00900432EE1 /* Project object */;
}
